PODS:
  - AFNetworking (3.2.1):
    - AFNetworking/NSURLSession (= 3.2.1)
    - AFNetworking/Reachability (= 3.2.1)
    - AFNetworking/Security (= 3.2.1)
    - AFNetworking/Serialization (= 3.2.1)
    - AFNetworking/UIKit (= 3.2.1)
  - AFNetworking/NSURLSession (3.2.1):
    - AFNetworking/Reachability
    - AFNetworking/Security
    - AFNetworking/Serialization
  - AFNetworking/Reachability (3.2.1)
  - AFNetworking/Security (3.2.1)
  - AFNetworking/Serialization (3.2.1)
  - AFNetworking/UIKit (3.2.1):
    - AFNetworking/NSURLSession
  - IQKeyboardManager (6.3.0)
  - LYEmptyView (1.2.3)
  - Masonry (1.1.0)
  - SVProgressHUD (2.2.5)

DEPENDENCIES:
  - AFNetworking
  - IQKeyboardManager
  - LYEmptyView
  - Masonry
  - SVProgressHUD

SPEC REPOS:
  https://github.com/cocoapods/specs.git:
    - AFNetworking
    - IQKeyboardManager
    - LYEmptyView
    - Masonry
    - SVProgressHUD

SPEC CHECKSUMS:
  AFNetworking: b6f891fdfaed196b46c7a83cf209e09697b94057
  IQKeyboardManager: 2ca9d64893247556f53523dcd8d78641f0ba7c23
  LYEmptyView: ea5827f3f81fcbec427f990005501991477bdae8
  Masonry: 678fab65091a9290e40e2832a55e7ab731aad201
  SVProgressHUD: 1428aafac632c1f86f62aa4243ec12008d7a51d6

PODFILE CHECKSUM: 01272230111784741f083d4e9f8072ecc3a29ec4

COCOAPODS: 1.6.1
